
Microsoft Visual Studio Solution File, Format Version 12.00
# Visual Studio Version 17
VisualStudioVersion = 17.5.002.0
MinimumVisualStudioVersion = 10.0.40219.1
Project("{9A19103F-16F7-4668-BE54-9A1E7A4F7556}") = "try catch finally", "try catch finally.csproj", "{12866F00-6419-4A86-A726-1D9C9927F456}"
EndProject
Global
	GlobalSection(SolutionConfigurationPlatforms) = preSolution
		Debug|Any CPU = Debug|Any CPU
		Release|Any CPU = Release|Any CPU
	EndGlobalSection
	GlobalSection(ProjectConfigurationPlatforms) = postSolution
		{12866F00-6419-4A86-A726-1D9C9927F456}.Debug|Any CPU.ActiveCfg = Debug|Any CPU
		{12866F00-6419-4A86-A726-1D9C9927F456}.Debug|Any CPU.Build.0 = Debug|Any CPU
		{12866F00-6419-4A86-A726-1D9C9927F456}.Release|Any CPU.ActiveCfg = Release|Any CPU
		{12866F00-6419-4A86-A726-1D9C9927F456}.Release|Any CPU.Build.0 = Release|Any CPU
	EndGlobalSection
	GlobalSection(SolutionProperties) = preSolution
		HideSolutionNode = FALSE
	EndGlobalSection
	GlobalSection(ExtensibilityGlobals) = postSolution
		SolutionGuid = {E1CE54BA-3306-428F-BF00-0B18958E19E1}
	EndGlobalSection
EndGlobal
